
Microsoft Visual Studio Solution File, Format Version 12.00
# Visual Studio Version 17
VisualStudioVersion = 17.11.35312.102
MinimumVisualStudioVersion = 10.0.40219.1
Project("{FAE04EC0-301F-11D3-BF4B-00C04F79EFBC}") = "Proyecto1_AndrésEsteller", "Proyecto1_AndrésEsteller\Proyecto1_AndrésEsteller.csproj", "{5BA3876A-F222-44A2-8FC9-9275F4ADFE0F}"
EndProject
Global
	GlobalSection(SolutionConfigurationPlatforms) = preSolution
		Debug|Any CPU = Debug|Any CPU
		Release|Any CPU = Release|Any CPU
	EndGlobalSection
	GlobalSection(ProjectConfigurationPlatforms) = postSolution
		{5BA3876A-F222-44A2-8FC9-9275F4ADFE0F}.Debug|Any CPU.ActiveCfg = Debug|Any CPU
		{5BA3876A-F222-44A2-8FC9-9275F4ADFE0F}.Debug|Any CPU.Build.0 = Debug|Any CPU
		{5BA3876A-F222-44A2-8FC9-9275F4ADFE0F}.Release|Any CPU.ActiveCfg = Release|Any CPU
		{5BA3876A-F222-44A2-8FC9-9275F4ADFE0F}.Release|Any CPU.Build.0 = Release|Any CPU
	EndGlobalSection
	GlobalSection(SolutionProperties) = preSolution
		HideSolutionNode = FALSE
	EndGlobalSection
	GlobalSection(ExtensibilityGlobals) = postSolution
		SolutionGuid = {2CFBE7DA-AF60-4767-BAC2-2F80BFFD1FEF}
	EndGlobalSection
EndGlobal
